# THIS IS AN AUTOGENERATED FILE. DO NOT EDIT THIS FILE DIRECTLY.
# yarn lockfile v1


"@actions/core@^3.0.1":
  version "3.0.1"
  resolved "https://registry.npmjs.org/@actions/core/-/core-3.0.1.tgz"
  integrity sha512-a6d/Nwahm9fliVGRhdhofo40HjHQasUPusmc7vBfyky+7Z+P2A1J68zyFVaNcEclc/Se+eO595oAr5nwEIoIUA==
  dependencies:
    "@actions/exec" "^3.0.0"
    "@actions/http-client" "^4.0.0"

"@actions/exec@^3.0.0":
  version "3.0.0"
  resolved "https://registry.npmjs.org/@actions/exec/-/exec-3.0.0.tgz"
  integrity sha512-6xH/puSoNBXb72VPlZVm7vQ+svQpFyA96qdDBvhB8eNZOE8LtPf9L4oAsfzK/crCL8YZ+19fKYVnM63Sl+Xzlw==
  dependencies:
    "@actions/io" "^3.0.2"

"@actions/github@^9.1.1":
  version "9.1.1"
  resolved "https://registry.npmjs.org/@actions/github/-/github-9.1.1.tgz"
  integrity sha512-tL5JbYOBZHc0ngEnCsaDcryUizIUIlQyIMwy1Wkx93H5HzbBJ7TbiPx2PnFjBwZW0Vh05JmfFZhecE6gglYegA==
  dependencies:
    "@actions/http-client" "^3.0.2"
    "@octokit/core" "^7.0.6"
    "@octokit/plugin-paginate-rest" "^14.0.0"
    "@octokit/plugin-rest-endpoint-methods" "^17.0.0"
    "@octokit/request" "^10.0.7"
    "@octokit/request-error" "^7.1.0"
    undici "^6.23.0"

"@actions/http-client@^3.0.2":
  version "3.0.2"
  resolved "https://registry.npmjs.org/@actions/http-client/-/http-client-3.0.2.tgz"
  integrity sha512-JP38FYYpyqvUsz+Igqlc/JG6YO9PaKuvqjM3iGvaLqFnJ7TFmcLyy2IDrY0bI0qCQug8E9K+elv5ZNfw62ZJzA==
  dependencies:
    tunnel "^0.0.6"
    undici "^6.23.0"

"@actions/http-client@^4.0.0":
  version "4.0.1"
  resolved "https://registry.npmjs.org/@actions/http-client/-/http-client-4.0.1.tgz"
  integrity sha512-+Nvd1ImaOZBSoPbsUtEhv+1z99H12xzncCkz0a3RuehINE81FZSe2QTj3uvAPTcJX/SCzUQHQ0D1GrPMbrPitg==
  dependencies:
    tunnel "^0.0.6"
    undici "^6.23.0"

"@actions/io@^3.0.2":
  version "3.0.2"
  resolved "https://registry.npmjs.org/@actions/io/-/io-3.0.2.tgz"
  integrity sha512-nRBchcMM+QK1pdjO7/idu86rbJI5YHUKCvKs0KxnSYbVe3F51UfGxuZX4Qy/fWlp6l7gWFwIkrOzN+oUK03kfw==

"@hapi/hoek@^9.0.0", "@hapi/hoek@^9.3.0":
  version "9.3.0"
  resolved "https://registry.npmjs.org/@hapi/hoek/-/hoek-9.3.0.tgz"
  integrity sha512-/c6rf4UJlmHlC9b5BaNvzAcFv7HZ2QHaV0D4/HNlBdvFnvQq8RI4kYdhyPCl7Xj+oWvTWQ8ujhqS53LIgAe6KQ==

"@hapi/topo@^5.1.0":
  version "5.1.0"
  resolved "https://registry.npmjs.org/@hapi/topo/-/topo-5.1.0.tgz"
  integrity sha512-foQZKJig7Ob0BMAYBfcJk8d77QtOe7Wo4ox7ff1lQYoNNAb6jwcY1ncdoy2e9wQZzvNy7ODZCYJkK8kzmcAnAg==
  dependencies:
    "@hapi/hoek" "^9.0.0"

"@keycloak/keycloak-admin-client@^26.3.2":
  version "26.6.2"
  resolved "https://registry.npmjs.org/@keycloak/keycloak-admin-client/-/keycloak-admin-client-26.6.2.tgz"
  integrity sha512-CEqQ/fzJPkWOTM0LaUeH5KAKlCQGkqlydhpnxFM9Vx1rLyjr9AIqrENPNzt0owYDPIqrl6OYaFZJBAoH8woDpA==
  dependencies:
    "@microsoft/kiota-abstractions" "^1.0.0-preview.86"
    "@microsoft/kiota-http-fetchlibrary" "^1.0.0-preview.80"
    "@microsoft/kiota-serialization-form" "^1.0.0-preview.74"
    "@microsoft/kiota-serialization-json" "^1.0.0-preview.86"
    "@microsoft/kiota-serialization-multipart" "^1.0.0-preview.67"
    "@microsoft/kiota-serialization-text" "^1.0.0-preview.79"
    camelize-ts "^3.0.0"
    url-template "^3.1.1"

"@microsoft/kiota-abstractions@^1.0.0-preview.102", "@microsoft/kiota-abstractions@^1.0.0-preview.86":
  version "1.0.0-preview.102"
  resolved "https://registry.npmjs.org/@microsoft/kiota-abstractions/-/kiota-abstractions-1.0.0-preview.102.tgz"
  integrity sha512-WL+S7X+W6zpDO6vFk+FClb5hoUJMV1ZcMHo1H52r2Q49xTuYx9esJqmwh/0EXsftmxKwOOIOoPfO7+Tp5QAddw==
  dependencies:
    "@opentelemetry/api" "^1.7.0"
    "@std-uritemplate/std-uritemplate" "^2.0.0"
    tinyduration "^3.3.0"
    tslib "^2.6.2"

"@microsoft/kiota-http-fetchlibrary@^1.0.0-preview.80":
  version "1.0.0-preview.102"
  resolved "https://registry.npmjs.org/@microsoft/kiota-http-fetchlibrary/-/kiota-http-fetchlibrary-1.0.0-preview.102.tgz"
  integrity sha512-oXfrPOWkIR2/Gs700n00EY3VDc+Qgz6y7ZiA/f8FHJsnwSjZ017xcWFw2PLzJItczVsad0pq/N5DYnoF6Co11Q==
  dependencies:
    "@microsoft/kiota-abstractions" "^1.0.0-preview.102"
    "@opentelemetry/api" "^1.7.0"
    tslib "^2.6.2"

"@microsoft/kiota-serialization-form@^1.0.0-preview.74":
  version "1.0.0-preview.102"
  resolved "https://registry.npmjs.org/@microsoft/kiota-serialization-form/-/kiota-serialization-form-1.0.0-preview.102.tgz"
  integrity sha512-1w70XAA/F4RgbyNbRAaZCjLAOiKQjdiQDYlNZC9x8g7xgd7tNqYqowt/auQS1A9SZOrT626q6+Gr2xKKyW3wOg==
  dependencies:
    "@microsoft/kiota-abstractions" "^1.0.0-preview.102"
    tslib "^2.6.2"

"@microsoft/kiota-serialization-json@^1.0.0-preview.86":
  version "1.0.0-preview.102"
  resolved "https://registry.npmjs.org/@microsoft/kiota-serialization-json/-/kiota-serialization-json-1.0.0-preview.102.tgz"
  integrity sha512-YpIt5pXNX13ND736oJFf0wBYPAafCv+CAE17Fa1HcS1drCdXx8ELPQ5GxGDbQG7J5LIMDgUtBOUmf5R/FrMQ6A==
  dependencies:
    "@microsoft/kiota-abstractions" "^1.0.0-preview.102"
    tslib "^2.6.2"

"@microsoft/kiota-serialization-multipart@^1.0.0-preview.67":
  version "1.0.0-preview.102"
  resolved "https://registry.npmjs.org/@microsoft/kiota-serialization-multipart/-/kiota-serialization-multipart-1.0.0-preview.102.tgz"
  integrity sha512-tjwt0m+8+OqZizZU6gBARTcA8suPYS0onD9IUbhKsvRrAJpBIyp07hnyOTXBgE+gurGGbeT3TTl9AUK2ic6DiA==
  dependencies:
    "@microsoft/kiota-abstractions" "^1.0.0-preview.102"
    tslib "^2.6.2"

"@microsoft/kiota-serialization-text@^1.0.0-preview.79":
  version "1.0.0-preview.102"
  resolved "https://registry.npmjs.org/@microsoft/kiota-serialization-text/-/kiota-serialization-text-1.0.0-preview.102.tgz"
  integrity sha512-ZCihyrXKYGfTz/frqNQvwKsD+EgjhjfclB5/XDrSGNXduisL/f1MbyvjsgmrZnLmtCwX8/v+Mc3vlz716KWYbg==
  dependencies:
    "@microsoft/kiota-abstractions" "^1.0.0-preview.102"
    tslib "^2.6.2"

"@octokit/auth-token@^6.0.0":
  version "6.0.0"
  resolved "https://registry.npmjs.org/@octokit/auth-token/-/auth-token-6.0.0.tgz"
  integrity sha512-P4YJBPdPSpWTQ1NU4XYdvHvXJJDxM6YwpS0FZHRgP7YFkdVxsWcpWGy/NVqlAA7PcPCnMacXlRm1y2PFZRWL/w==

"@octokit/core@^7.0.6":
  version "7.0.6"
  resolved "https://registry.npmjs.org/@octokit/core/-/core-7.0.6.tgz"
  integrity sha512-DhGl4xMVFGVIyMwswXeyzdL4uXD5OGILGX5N8Y+f6W7LhC1Ze2poSNrkF/fedpVDHEEZ+PHFW0vL14I+mm8K3Q==
  dependencies:
    "@octokit/auth-token" "^6.0.0"
    "@octokit/graphql" "^9.0.3"
    "@octokit/request" "^10.0.6"
    "@octokit/request-error" "^7.0.2"
    "@octokit/types" "^16.0.0"
    before-after-hook "^4.0.0"
    universal-user-agent "^7.0.0"

"@octokit/endpoint@^11.0.3":
  version "11.0.3"
  resolved "https://registry.npmjs.org/@octokit/endpoint/-/endpoint-11.0.3.tgz"
  integrity sha512-FWFlNxghg4HrXkD3ifYbS/IdL/mDHjh9QcsNyhQjN8dplUoZbejsdpmuqdA76nxj2xoWPs7p8uX2SNr9rYu0Ag==
  dependencies:
    "@octokit/types" "^16.0.0"
    universal-user-agent "^7.0.2"

"@octokit/graphql@^9.0.3":
  version "9.0.3"
  resolved "https://registry.npmjs.org/@octokit/graphql/-/graphql-9.0.3.tgz"
  integrity sha512-grAEuupr/C1rALFnXTv6ZQhFuL1D8G5y8CN04RgrO4FIPMrtm+mcZzFG7dcBm+nq+1ppNixu+Jd78aeJOYxlGA==
  dependencies:
    "@octokit/request" "^10.0.6"
    "@octokit/types" "^16.0.0"
    universal-user-agent "^7.0.0"

"@octokit/openapi-types@^27.0.0":
  version "27.0.0"
  resolved "https://registry.npmjs.org/@octokit/openapi-types/-/openapi-types-27.0.0.tgz"
  integrity sha512-whrdktVs1h6gtR+09+QsNk2+FO+49j6ga1c55YZudfEG+oKJVvJLQi3zkOm5JjiUXAagWK2tI2kTGKJ2Ys7MGA==

"@octokit/plugin-paginate-rest@^14.0.0":
  version "14.0.0"
  resolved "https://registry.npmjs.org/@octokit/plugin-paginate-rest/-/plugin-paginate-rest-14.0.0.tgz"
  integrity sha512-fNVRE7ufJiAA3XUrha2omTA39M6IXIc6GIZLvlbsm8QOQCYvpq/LkMNGyFlB1d8hTDzsAXa3OKtybdMAYsV/fw==
  dependencies:
    "@octokit/types" "^16.0.0"

"@octokit/plugin-rest-endpoint-methods@^17.0.0":
  version "17.0.0"
  resolved "https://registry.npmjs.org/@octokit/plugin-rest-endpoint-methods/-/plugin-rest-endpoint-methods-17.0.0.tgz"
  integrity sha512-B5yCyIlOJFPqUUeiD0cnBJwWJO8lkJs5d8+ze9QDP6SvfiXSz1BF+91+0MeI1d2yxgOhU/O+CvtiZ9jSkHhFAw==
  dependencies:
    "@octokit/types" "^16.0.0"

"@octokit/request-error@^7.0.2", "@octokit/request-error@^7.1.0":
  version "7.1.0"
  resolved "https://registry.npmjs.org/@octokit/request-error/-/request-error-7.1.0.tgz"
  integrity sha512-KMQIfq5sOPpkQYajXHwnhjCC0slzCNScLHs9JafXc4RAJI+9f+jNDlBNaIMTvazOPLgb4BnlhGJOTbnN0wIjPw==
  dependencies:
    "@octokit/types" "^16.0.0"

"@octokit/request@^10.0.6", "@octokit/request@^10.0.7":
  version "10.0.10"
  resolved "https://registry.npmjs.org/@octokit/request/-/request-10.0.10.tgz"
  integrity sha512-KxNC2pTqqhszMNrf12ZRd4PonRgyJdsM4F/jySiddQK+DsRcfBtUvqn8t7UsyZhnRJHvX46OohDt5N3VqIWC2w==
  dependencies:
    "@octokit/endpoint" "^11.0.3"
    "@octokit/request-error" "^7.0.2"
    "@octokit/types" "^16.0.0"
    content-type "^2.0.0"
    json-with-bigint "^3.5.3"
    universal-user-agent "^7.0.2"

"@octokit/types@^16.0.0":
  version "16.0.0"
  resolved "https://registry.npmjs.org/@octokit/types/-/types-16.0.0.tgz"
  integrity sha512-sKq+9r1Mm4efXW1FCk7hFSeJo4QKreL/tTbR0rz/qx/r1Oa2VV83LTA/H/MuCOX7uCIJmQVRKBcbmWoySjAnSg==
  dependencies:
    "@octokit/openapi-types" "^27.0.0"

"@opentelemetry/api@^1.7.0":
  version "1.9.1"
  resolved "https://registry.npmjs.org/@opentelemetry/api/-/api-1.9.1.tgz"
  integrity sha512-gLyJlPHPZYdAk1JENA9LeHejZe1Ti77/pTeFm/nMXmQH/HFZlcS/O2XJB+L8fkbrNSqhdtlvjBVjxwUYanNH5Q==

"@sideway/address@^4.1.5":
  version "4.1.5"
  resolved "https://registry.npmjs.org/@sideway/address/-/address-4.1.5.tgz"
  integrity sha512-IqO/DUQHUkPeixNQ8n0JA6102hT9CmaljNTPmQ1u8MEhBo/R4Q8eKLN/vGZxuebwOroDB4cbpjheD4+/sKFK4Q==
  dependencies:
    "@hapi/hoek" "^9.0.0"

"@sideway/formula@^3.0.1":
  version "3.0.1"
  resolved "https://registry.npmjs.org/@sideway/formula/-/formula-3.0.1.tgz"
  integrity sha512-/poHZJJVjx3L+zVD6g9KgHfYnb443oi7wLu/XKojDviHy6HOEOA6z1Trk5aR1dGcmPenJEgb2sK2I80LeS3MIg==

"@sideway/pinpoint@^2.0.0":
  version "2.0.0"
  resolved "https://registry.npmjs.org/@sideway/pinpoint/-/pinpoint-2.0.0.tgz"
  integrity sha512-RNiOoTPkptFtSVzQevY/yWtZwf/RxyVnPy/OcA9HBM3MlGDnBEYL5B41H0MTn0Uec8Hi+2qUtTfG2WWZBmMejQ==

"@std-uritemplate/std-uritemplate@^2.0.0":
  version "2.0.10"
  resolved "https://registry.npmjs.org/@std-uritemplate/std-uritemplate/-/std-uritemplate-2.0.10.tgz"
  integrity sha512-EGxlaZDK+CcvMYzxLWKgQlhNiyGIoznEi/CVnzM1DCiQQh/EwSH0ThvseXJ4g6btu1hvlUZ70SrZD6ahsglXcw==

axios@^0.21.1:
  version "0.21.4"
  resolved "https://registry.npmjs.org/axios/-/axios-0.21.4.tgz"
  integrity sha512-ut5vewkiu8jjGBdqpM44XxjuCjq9LAKeHVmoVfHVzy8eHgxxq8SbAVQNovDA8mVi05kP0Ea/n/UzcSHcTJQfNg==
  dependencies:
    follow-redirects "^1.14.0"

before-after-hook@^4.0.0:
  version "4.0.0"
  resolved "https://registry.npmjs.org/before-after-hook/-/before-after-hook-4.0.0.tgz"
  integrity sha512-q6tR3RPqIB1pMiTRMFcZwuG5T8vwp+vUvEG0vuI6B+Rikh5BfPp2fQ82c925FOs+b0lcFQ8CFrL+KbilfZFhOQ==

camelize-ts@^3.0.0:
  version "3.0.0"
  resolved "https://registry.npmjs.org/camelize-ts/-/camelize-ts-3.0.0.tgz"
  integrity sha512-cgRwKKavoDKLTjO4FQTs3dRBePZp/2Y9Xpud0FhuCOTE86M2cniKN4CCXgRnsyXNMmQMifVHcv6SPaMtTx6ofQ==

content-type@^2.0.0:
  version "2.0.0"
  resolved "https://registry.npmjs.org/content-type/-/content-type-2.0.0.tgz"
  integrity sha512-j/O/d7GcZCyNl7/hwZAb606rzqkyvaDctLmckbxLzHvFBzTJHuGEdodATcP3yIRoDrLHkIATJuvzbFlp/ki2cQ==

follow-redirects@^1.14.0:
  version "1.16.0"
  resolved "https://registry.npmjs.org/follow-redirects/-/follow-redirects-1.16.0.tgz"
  integrity sha512-y5rN/uOsadFT/JfYwhxRS5R7Qce+g3zG97+JrtFZlC9klX/W5hD7iiLzScI4nZqUS7DNUdhPgw4xI8W2LuXlUw==

joi@^17.3.0:
  version "17.13.3"
  resolved "https://registry.npmjs.org/joi/-/joi-17.13.3.tgz"
  integrity sha512-otDA4ldcIx+ZXsKHWmp0YizCweVRZG96J10b0FevjfuncLO1oX59THoAmHkNubYJ+9gWsYsp5k8v4ib6oDv1fA==
  dependencies:
    "@hapi/hoek" "^9.3.0"
    "@hapi/topo" "^5.1.0"
    "@sideway/address" "^4.1.5"
    "@sideway/formula" "^3.0.1"
    "@sideway/pinpoint" "^2.0.0"

json-with-bigint@^3.5.3:
  version "3.5.8"
  resolved "https://registry.npmjs.org/json-with-bigint/-/json-with-bigint-3.5.8.tgz"
  integrity sha512-eq/4KP6K34kwa7TcFdtvnftvHCD9KvHOGGICWwMFc4dOOKF5t4iYqnfLK8otCRCRv06FXOzGGyqE8h8ElMvvdw==

lodash@^4.17.21:
  version "4.18.1"
  resolved "https://registry.npmjs.org/lodash/-/lodash-4.18.1.tgz"
  integrity sha512-dMInicTPVE8d1e5otfwmmjlxkZoUpiVLwyeTdUsi/Caj/gfzzblBcCE5sRHV/AsjuCmxWrte2TNGSYuCeCq+0Q==

minimist@^1.2.5:
  version "1.2.8"
  resolved "https://registry.npmjs.org/minimist/-/minimist-1.2.8.tgz"
  integrity sha512-2yyAR8qBkN3YuheJanUpWC5U3bb5osDywNB8RzDVlDwDHbocAJveqqj1u8+SVD7jkWT4yvsHCpWqqWqAxb0zCA==

rxjs@^6.6.3:
  version "6.6.7"
  resolved "https://registry.npmjs.org/rxjs/-/rxjs-6.6.7.tgz"
  integrity sha512-hTdwr+7yYNIT5n4AMYp85KA6yw2Va0FLa3Rguvbpa4W3I5xynaBZo41cM3XM+4Q6fRMj3sBYIR1VAmZMXYJvRQ==
  dependencies:
    tslib "^1.9.0"

tinyduration@^3.3.0:
  version "3.4.1"
  resolved "https://registry.npmjs.org/tinyduration/-/tinyduration-3.4.1.tgz"
  integrity sha512-NemFoamVYn7TmtwZKZ3OiliM9fZkr6EWiTM+wKknco6POSy2gS689xx/pXip0JYp40HXpUw6k65CUYHWYUXdaA==

tslib@^1.9.0:
  version "1.14.1"
  resolved "https://registry.npmjs.org/tslib/-/tslib-1.14.1.tgz"
  integrity sha512-Xni35NKzjgMrwevysHTCArtLDpPvye8zV/0E4EyYn43P7/7qvQwPh9BGkHewbMulVntbigmcT7rdX3BNo9wRJg==

tslib@^2.6.2:
  version "2.8.1"
  resolved "https://registry.npmjs.org/tslib/-/tslib-2.8.1.tgz"
  integrity sha512-oJFu94HQb+KVduSUQL7wnpmqnfmLsOA/nAh6b6EH0wCEoK0/mPeXU6c3wKDV83MkOuHPRHtSXKKU99IBazS/2w==

tunnel@^0.0.6:
  version "0.0.6"
  resolved "https://registry.npmjs.org/tunnel/-/tunnel-0.0.6.tgz"
  integrity sha512-1h/Lnq9yajKY2PEbBadPXj3VxsDDu844OnaAo52UVmIzIvwwtBPIuNvkjuzBlTWpfJyUbG3ez0KSBibQkj4ojg==

undici@^6.23.0:
  version "6.26.0"
  resolved "https://registry.npmjs.org/undici/-/undici-6.26.0.tgz"
  integrity sha512-4yqz8a3n5HmGTlsbADNtr/dJlhkh/55Rq798G6ibiULcXbDtaLpTl1pvdqcbFfeoj3iSi52lePFM7h9H21cw/A==

universal-user-agent@^7.0.0, universal-user-agent@^7.0.2:
  version "7.0.3"
  resolved "https://registry.npmjs.org/universal-user-agent/-/universal-user-agent-7.0.3.tgz"
  integrity sha512-TmnEAEAsBJVZM/AADELsK76llnwcf9vMKuPz8JflO1frO8Lchitr0fNaN9d+Ap0BjKtqWqd/J17qeDnXh8CL2A==

url-template@^3.1.1:
  version "3.1.1"
  resolved "https://registry.npmjs.org/url-template/-/url-template-3.1.1.tgz"
  integrity sha512-4oszoaEKE/mQOtAmdMWqIRHmkxWkUZMnXFnjQ5i01CuRSK3uluxcH1MRVVVWmhlnzT1SCDfKxxficm2G37qzCA==

wait-on@^5.3.0:
  version "5.3.0"
  resolved "https://registry.npmjs.org/wait-on/-/wait-on-5.3.0.tgz"
  integrity sha512-DwrHrnTK+/0QFaB9a8Ol5Lna3k7WvUR4jzSKmz0YaPBpuN2sACyiPVKVfj6ejnjcajAcvn3wlbTyMIn9AZouOg==
  dependencies:
    axios "^0.21.1"
    joi "^17.3.0"
    lodash "^4.17.21"
    minimist "^1.2.5"
    rxjs "^6.6.3"
